# This file is automatically @generated by Poetry 1.8.5 and should not be changed by hand.

[[package]]
name = "shell-project"
version = "0.1.0"
description = ""
optional = false
python-versions = ">=3.11,<4.0"
files = [
    {file = "shell_project-0.1.0-py3-none-any.whl", hash = "sha256:c1833d94acd196a16a3e4e80ff2e71775f2731d98e01b3baff734c3e9491be58"},
    {file = "shell_project-0.1.0.tar.gz", hash = "sha256:a6265c58dfd866fef07079b5f5db027dd574743f70e6b70f30ac6bf03a66e072"},
]

[package.source]
type = "legacy"
url = "https://gitlab.com/api/v4/projects/65565869/packages/pypi/simple"
reference = "gitlab"

[metadata]
lock-version = "2.0"
python-versions = "^3.11"
content-hash = "9b22dd5470c266a9dfdee050e02ac2164a9781b5c25b6b68c0f7f61a76501ac7"
